Microsoft Visual Studio Solution File, Format Version 12.00
# Visual Studio Version 17
VisualStudioVersion = 17.5.2.0
MinimumVisualStudioVersion = 10.0.40219.1
Project("{FAE04EC0-301F-11D3-BF4B-00C04F79EFBC}") = "AgendaTurnosApp", "AgendaTurnosApp.csproj", "{61C27A52-1ECF-D13B-98A7-C3B241C50540}"
EndProject
Global
	GlobalSection(SolutionConfigurationPlatforms) = preSolution
		Debug|Any CPU = Debug|Any CPU
		Release|Any CPU = Release|Any CPU
	EndGlobalSection
	GlobalSection(ProjectConfigurationPlatforms) = postSolution
		{61C27A52-1ECF-D13B-98A7-C3B241C50540}.Debug|Any CPU.ActiveCfg = Debug|Any CPU
		{61C27A52-1ECF-D13B-98A7-C3B241C50540}.Debug|Any CPU.Build.0 = Debug|Any CPU
		{61C27A52-1ECF-D13B-98A7-C3B241C50540}.Release|Any CPU.ActiveCfg = Release|Any CPU
		{61C27A52-1ECF-D13B-98A7-C3B241C50540}.Release|Any CPU.Build.0 = Release|Any CPU
	EndGlobalSection
	GlobalSection(SolutionProperties) = preSolution
		HideSolutionNode = FALSE
	EndGlobalSection
	GlobalSection(ExtensibilityGlobals) = postSolution
		SolutionGuid = {D6118189-DF7A-4F90-A3F1-A53CC9D56BEE}
	EndGlobalSection
EndGlobal
