Microsoft Visual Studio Solution File, Format Version 12.00
# Visual Studio Version 17
VisualStudioVersion = 17.5.2.0
MinimumVisualStudioVersion = 10.0.40219.1
Project("{FAE04EC0-301F-11D3-BF4B-00C04F79EFBC}") = "ParqueAtracciones", "ParqueAtracciones.csproj", "{84D9CDE8-B0EA-3EE3-5F1C-E5ACBFF29C88}"
EndProject
Global
	GlobalSection(SolutionConfigurationPlatforms) = preSolution
		Debug|Any CPU = Debug|Any CPU
		Release|Any CPU = Release|Any CPU
	EndGlobalSection
	GlobalSection(ProjectConfigurationPlatforms) = postSolution
		{84D9CDE8-B0EA-3EE3-5F1C-E5ACBFF29C88}.Debug|Any CPU.ActiveCfg = Debug|Any CPU
		{84D9CDE8-B0EA-3EE3-5F1C-E5ACBFF29C88}.Debug|Any CPU.Build.0 = Debug|Any CPU
		{84D9CDE8-B0EA-3EE3-5F1C-E5ACBFF29C88}.Release|Any CPU.ActiveCfg = Release|Any CPU
		{84D9CDE8-B0EA-3EE3-5F1C-E5ACBFF29C88}.Release|Any CPU.Build.0 = Release|Any CPU
	EndGlobalSection
	GlobalSection(SolutionProperties) = preSolution
		HideSolutionNode = FALSE
	EndGlobalSection
	GlobalSection(ExtensibilityGlobals) = postSolution
		SolutionGuid = {33418C2E-A0CF-4EB2-916F-F4F9BA1F2CAE}
	EndGlobalSection
EndGlobal
