Microsoft Visual Studio Solution File, Format Version 12.00
# Visual Studio Version 17
VisualStudioVersion = 17.5.2.0
MinimumVisualStudioVersion = 10.0.40219.1
Project("{FAE04EC0-301F-11D3-BF4B-00C04F79EFBC}") = "TraductorBasico", "TraductorBasico.csproj", "{9EE12FB7-6849-04A3-C6CD-79FFD35C4E3E}"
EndProject
Global
	GlobalSection(SolutionConfigurationPlatforms) = preSolution
		Debug|Any CPU = Debug|Any CPU
		Release|Any CPU = Release|Any CPU
	EndGlobalSection
	GlobalSection(ProjectConfigurationPlatforms) = postSolution
		{9EE12FB7-6849-04A3-C6CD-79FFD35C4E3E}.Debug|Any CPU.ActiveCfg = Debug|Any CPU
		{9EE12FB7-6849-04A3-C6CD-79FFD35C4E3E}.Debug|Any CPU.Build.0 = Debug|Any CPU
		{9EE12FB7-6849-04A3-C6CD-79FFD35C4E3E}.Release|Any CPU.ActiveCfg = Release|Any CPU
		{9EE12FB7-6849-04A3-C6CD-79FFD35C4E3E}.Release|Any CPU.Build.0 = Release|Any CPU
	EndGlobalSection
	GlobalSection(SolutionProperties) = preSolution
		HideSolutionNode = FALSE
	EndGlobalSection
	GlobalSection(ExtensibilityGlobals) = postSolution
		SolutionGuid = {662EC6AA-514B-4368-8B5F-147A868ECD5B}
	EndGlobalSection
EndGlobal
